Microsoft Visual Studio Solution File, Format Version 12.00
# Visual Studio Version 17
VisualStudioVersion = 17.5.2.0
MinimumVisualStudioVersion = 10.0.40219.1
Project("{FAE04EC0-301F-11D3-BF4B-00C04F79EFBC}") = "AvaloniaExercisesSolution", "AvaloniaExercisesSolution.csproj", "{78214359-F011-BF6C-C79D-5E3303D85C89}"
EndProject
Global
	GlobalSection(SolutionConfigurationPlatforms) = preSolution
		Debug|Any CPU = Debug|Any CPU
		Release|Any CPU = Release|Any CPU
	EndGlobalSection
	GlobalSection(ProjectConfigurationPlatforms) = postSolution
		{78214359-F011-BF6C-C79D-5E3303D85C89}.Debug|Any CPU.ActiveCfg = Debug|Any CPU
		{78214359-F011-BF6C-C79D-5E3303D85C89}.Debug|Any CPU.Build.0 = Debug|Any CPU
		{78214359-F011-BF6C-C79D-5E3303D85C89}.Release|Any CPU.ActiveCfg = Release|Any CPU
		{78214359-F011-BF6C-C79D-5E3303D85C89}.Release|Any CPU.Build.0 = Release|Any CPU
	EndGlobalSection
	GlobalSection(SolutionProperties) = preSolution
		HideSolutionNode = FALSE
	EndGlobalSection
	GlobalSection(ExtensibilityGlobals) = postSolution
		SolutionGuid = {890004F9-261F-46C8-8D1E-20ACCDA16B1D}
	EndGlobalSection
EndGlobal
