Microsoft Visual Studio Solution File, Format Version 12.00
# Visual Studio Version 17
VisualStudioVersion = 17.5.2.0
MinimumVisualStudioVersion = 10.0.40219.1
Project("{FAE04EC0-301F-11D3-BF4B-00C04F79EFBC}") = "Search_and_Replace", "Search_and_Replace.csproj", "{E1F47D76-B7B3-CF74-CFEB-E2B4B644E7A7}"
EndProject
Global
	GlobalSection(SolutionConfigurationPlatforms) = preSolution
		Debug|Any CPU = Debug|Any CPU
		Release|Any CPU = Release|Any CPU
	EndGlobalSection
	GlobalSection(ProjectConfigurationPlatforms) = postSolution
		{E1F47D76-B7B3-CF74-CFEB-E2B4B644E7A7}.Debug|Any CPU.ActiveCfg = Debug|Any CPU
		{E1F47D76-B7B3-CF74-CFEB-E2B4B644E7A7}.Debug|Any CPU.Build.0 = Debug|Any CPU
		{E1F47D76-B7B3-CF74-CFEB-E2B4B644E7A7}.Release|Any CPU.ActiveCfg = Release|Any CPU
		{E1F47D76-B7B3-CF74-CFEB-E2B4B644E7A7}.Release|Any CPU.Build.0 = Release|Any CPU
	EndGlobalSection
	GlobalSection(SolutionProperties) = preSolution
		HideSolutionNode = FALSE
	EndGlobalSection
	GlobalSection(ExtensibilityGlobals) = postSolution
		SolutionGuid = {C988CC70-FA81-446C-A2C2-EF4A80E4F123}
	EndGlobalSection
EndGlobal
